// !$*UTF8*$!
{
	archiveVersion = 1;
	classes = {
	};
	objectVersion = 50;
	objects = {

/* Begin PBXBuildFile section */
		6B304A4826364D8400F52419 /* StockDetails.swift in Sources */ = {isa = PBXBuildFile; fileRef = 6B304A4726364D8400F52419 /* StockDetails.swift */; };
		6B304A4B263655DB00F52419 /* MapView.swift in Sources */ = {isa = PBXBuildFile; fileRef = 6B304A4A263655DB00F52419 /* MapView.swift */; };
		6BEA7EDB2630AAAA0005F18E /* MapAPIData.swift in Sources */ = {isa = PBXBuildFile; fileRef = 6BEA7EDA2630AAAA0005F18E /* MapAPIData.swift */; };
		6BEA7EE32630AAF20005F18E /* PortfolioDetails.swift in Sources */ = {isa = PBXBuildFile; fileRef = 6BEA7EE22630AAF20005F18E /* PortfolioDetails.swift */; };
		6BEA7EE62630AB690005F18E /* MapDataStruct.swift in Sources */ = {isa = PBXBuildFile; fileRef = 6BEA7EE52630AB690005F18E /* MapDataStruct.swift */; };
		B719A18C262F589E00337783 /* AppDelegate.swift in Sources */ = {isa = PBXBuildFile; fileRef = B719A18B262F589E00337783 /* AppDelegate.swift */; };
		B719A18E262F589E00337783 /* SceneDelegate.swift in Sources */ = {isa = PBXBuildFile; fileRef = B719A18D262F589E00337783 /* SceneDelegate.swift */; };
		B719A190262F589E00337783 /* ContentView.swift in Sources */ = {isa = PBXBuildFile; fileRef = B719A18F262F589E00337783 /* ContentView.swift */; };
		B719A193262F589E00337783 /* GameStock.xcdatamodeld in Sources */ = {isa = PBXBuildFile; fileRef = B719A191262F589E00337783 /* GameStock.xcdatamodeld */; };
		B719A195262F58A500337783 /* Assets.xcassets in Resources */ = {isa = PBXBuildFile; fileRef = B719A194262F58A500337783 /* Assets.xcassets */; };
		B719A198262F58A500337783 /* Preview Assets.xcassets in Resources */ = {isa = PBXBuildFile; fileRef = B719A197262F58A500337783 /* Preview Assets.xcassets */; };
		B719A19B262F58A500337783 /* LaunchScreen.storyboard in Resources */ = {isa = PBXBuildFile; fileRef = B719A199262F58A500337783 /* LaunchScreen.storyboard */; };
		B719A1AC262F651100337783 /* LoginView.swift in Sources */ = {isa = PBXBuildFile; fileRef = B719A1AB262F651100337783 /* LoginView.swift */; };
		B719A1AF262F652200337783 /* MainView.swift in Sources */ = {isa = PBXBuildFile; fileRef = B719A1AE262F652200337783 /* MainView.swift */; };
		B719A1B2262F653900337783 /* ForgotPassword.swift in Sources */ = {isa = PBXBuildFile; fileRef = B719A1B1262F653900337783 /* ForgotPassword.swift */; };
		B719A1B7262F65D800337783 /* UserData.swift in Sources */ = {isa = PBXBuildFile; fileRef = B719A1B6262F65D700337783 /* UserData.swift */; };
		B719A1BA262F691B00337783 /* Home.swift in Sources */ = {isa = PBXBuildFile; fileRef = B719A1B9262F691B00337783 /* Home.swift */; };
		B719A1BD262F69F000337783 /* Settings.swift in Sources */ = {isa = PBXBuildFile; fileRef = B719A1BC262F69F000337783 /* Settings.swift */; };
		B719A1C0262F6A0800337783 /* QuestionList.swift in Sources */ = {isa = PBXBuildFile; fileRef = B719A1BF262F6A0800337783 /* QuestionList.swift */; };
		B719A1C8263641C300337783 /* StockItem.swift in Sources */ = {isa = PBXBuildFile; fileRef = B719A1C7263641C300337783 /* StockItem.swift */; };
		B719A1CB2636430300337783 /* StockStruct.swift in Sources */ = {isa = PBXBuildFile; fileRef = B719A1CA2636430300337783 /* StockStruct.swift */; };
		B719A1CF2636495700337783 /* SearchCompany.swift in Sources */ = {isa = PBXBuildFile; fileRef = B719A1CE2636495700337783 /* SearchCompany.swift */; };
		B719A1D22636499400337783 /* NavigationStyle.swift in Sources */ = {isa = PBXBuildFile; fileRef = B719A1D12636499400337783 /* NavigationStyle.swift */; };
		B719A1D5263649FC00337783 /* SearchResult.swift in Sources */ = {isa = PBXBuildFile; fileRef = B719A1D4263649FC00337783 /* SearchResult.swift */; };
		B719A20A2636616200337783 /* NewsApiData.swift in Sources */ = {isa = PBXBuildFile; fileRef = B719A2092636616200337783 /* NewsApiData.swift */; };
		B719A20D2636649E00337783 /* NewsStruct.swift in Sources */ = {isa = PBXBuildFile; fileRef = B719A20C2636649E00337783 /* NewsStruct.swift */; };
		B7E325B626309BD0008E683C /* IEXApi.swift in Sources */ = {isa = PBXBuildFile; fileRef = B7E325B526309BD0008E683C /* IEXApi.swift */; };
		B7E325BA26309F97008E683C /* Stock.swift in Sources */ = {isa = PBXBuildFile; fileRef = B7E325B926309F97008E683C /* Stock.swift */; };
		B7E325BE2630A00D008E683C /* Company.swift in Sources */ = {isa = PBXBuildFile; fileRef = B7E325BD2630A00D008E683C /* Company.swift */; };
		B7E325C12630A049008E683C /* Photo.swift in Sources */ = {isa = PBXBuildFile; fileRef = B7E325C02630A049008E683C /* Photo.swift */; };
		B7E325C626363BDD008E683C /* UtilityFunctions.swift in Sources */ = {isa = PBXBuildFile; fileRef = B7E325C526363BDD008E683C /* UtilityFunctions.swift */; };
/* End PBXBuildFile section */

/* Begin PBXFileReference section */
		6B304A4726364D8400F52419 /* StockDetails.swift */ = {isa = PBXFileReference; lastKnownFileType = sourcecode.swift; path = StockDetails.swift; sourceTree = "<group>"; };
		6B304A4A263655DB00F52419 /* MapView.swift */ = {isa = PBXFileReference; lastKnownFileType = sourcecode.swift; path = MapView.swift; sourceTree = "<group>"; };
		6BEA7EDA2630AAAA0005F18E /* MapAPIData.swift */ = {isa = PBXFileReference; fileEncoding = 4; lastKnownFileType = sourcecode.swift; path = MapAPIData.swift; sourceTree = "<group>"; };
		6BEA7EE22630AAF20005F18E /* PortfolioDetails.swift */ = {isa = PBXFileReference; fileEncoding = 4; lastKnownFileType = sourcecode.swift; path = PortfolioDetails.swift; sourceTree = "<group>"; };
		6BEA7EE52630AB690005F18E /* MapDataStruct.swift */ = {isa = PBXFileReference; fileEncoding = 4; lastKnownFileType = sourcecode.swift; path = MapDataStruct.swift; sourceTree = "<group>"; };
		B719A188262F589E00337783 /* GameStock.app */ = {isa = PBXFileReference; explicitFileType = wrapper.application; includeInIndex = 0; path = GameStock.app; sourceTree = BUILT_PRODUCTS_DIR; };
		B719A18B262F589E00337783 /* AppDelegate.swift */ = {isa = PBXFileReference; lastKnownFileType = sourcecode.swift; path = AppDelegate.swift; sourceTree = "<group>"; };
		B719A18D262F589E00337783 /* SceneDelegate.swift */ = {isa = PBXFileReference; lastKnownFileType = sourcecode.swift; path = SceneDelegate.swift; sourceTree = "<group>"; };
		B719A18F262F589E00337783 /* ContentView.swift */ = {isa = PBXFileReference; lastKnownFileType = sourcecode.swift; path = ContentView.swift; sourceTree = "<group>"; };
		B719A192262F589E00337783 /* GameStock.xcdatamodel */ = {isa = PBXFileReference; lastKnownFileType = wrapper.xcdatamodel; path = GameStock.xcdatamodel; sourceTree = "<group>"; };
		B719A194262F58A500337783 /* Assets.xcassets */ = {isa = PBXFileReference; lastKnownFileType = folder.assetcatalog; path = Assets.xcassets; sourceTree = "<group>"; };
		B719A197262F58A500337783 /* Preview Assets.xcassets */ = {isa = PBXFileReference; lastKnownFileType = folder.assetcatalog; path = "Preview Assets.xcassets"; sourceTree = "<group>"; };
		B719A19A262F58A500337783 /* Base */ = {isa = PBXFileReference; lastKnownFileType = file.storyboard; name = Base; path = Base.lproj/LaunchScreen.storyboard; sourceTree = "<group>"; };
		B719A19C262F58A500337783 /* Info.plist */ = {isa = PBXFileReference; lastKnownFileType = text.plist.xml; path = Info.plist; sourceTree = "<group>"; };
		B719A1AB262F651100337783 /* LoginView.swift */ = {isa = PBXFileReference; lastKnownFileType = sourcecode.swift; path = LoginView.swift; sourceTree = "<group>"; };
		B719A1AE262F652200337783 /* MainView.swift */ = {isa = PBXFileReference; lastKnownFileType = sourcecode.swift; path = MainView.swift; sourceTree = "<group>"; };
		B719A1B1262F653900337783 /* ForgotPassword.swift */ = {isa = PBXFileReference; lastKnownFileType = sourcecode.swift; path = ForgotPassword.swift; sourceTree = "<group>"; };
		B719A1B6262F65D700337783 /* UserData.swift */ = {isa = PBXFileReference; lastKnownFileType = sourcecode.swift; path = UserData.swift; sourceTree = "<group>"; };
		B719A1B9262F691B00337783 /* Home.swift */ = {isa = PBXFileReference; lastKnownFileType = sourcecode.swift; path = Home.swift; sourceTree = "<group>"; };
		B719A1BC262F69F000337783 /* Settings.swift */ = {isa = PBXFileReference; lastKnownFileType = sourcecode.swift; path = Settings.swift; sourceTree = "<group>"; };
		B719A1BF262F6A0800337783 /* QuestionList.swift */ = {isa = PBXFileReference; lastKnownFileType = sourcecode.swift; path = QuestionList.swift; sourceTree = "<group>"; };
		B719A1C7263641C300337783 /* StockItem.swift */ = {isa = PBXFileReference; lastKnownFileType = sourcecode.swift; path = StockItem.swift; sourceTree = "<group>"; };
		B719A1CA2636430300337783 /* StockStruct.swift */ = {isa = PBXFileReference; lastKnownFileType = sourcecode.swift; path = StockStruct.swift; sourceTree = "<group>"; };
		B719A1CE2636495700337783 /* SearchCompany.swift */ = {isa = PBXFileReference; lastKnownFileType = sourcecode.swift; path = SearchCompany.swift; sourceTree = "<group>"; };
		B719A1D12636499400337783 /* NavigationStyle.swift */ = {isa = PBXFileReference; lastKnownFileType = sourcecode.swift; path = NavigationStyle.swift; sourceTree = "<group>"; };
		B719A1D4263649FC00337783 /* SearchResult.swift */ = {isa = PBXFileReference; lastKnownFileType = sourcecode.swift; path = SearchResult.swift; sourceTree = "<group>"; };
		B719A2092636616200337783 /* NewsApiData.swift */ = {isa = PBXFileReference; lastKnownFileType = sourcecode.swift; path = NewsApiData.swift; sourceTree = "<group>"; };
		B719A20C2636649E00337783 /* NewsStruct.swift */ = {isa = PBXFileReference; lastKnownFileType = sourcecode.swift; path = NewsStruct.swift; sourceTree = "<group>"; };
		B7E325B526309BD0008E683C /* IEXApi.swift */ = {isa = PBXFileReference; lastKnownFileType = sourcecode.swift; path = IEXApi.swift; sourceTree = "<group>"; };
		B7E325B926309F97008E683C /* Stock.swift */ = {isa = PBXFileReference; lastKnownFileType = sourcecode.swift; path = Stock.swift; sourceTree = "<group>"; };
		B7E325BD2630A00D008E683C /* Company.swift */ = {isa = PBXFileReference; lastKnownFileType = sourcecode.swift; path = Company.swift; sourceTree = "<group>"; };
		B7E325C02630A049008E683C /* Photo.swift */ = {isa = PBXFileReference; lastKnownFileType = sourcecode.swift; path = Photo.swift; sourceTree = "<group>"; };
		B7E325C526363BDD008E683C /* UtilityFunctions.swift */ = {isa = PBXFileReference; lastKnownFileType = sourcecode.swift; path = UtilityFunctions.swift; sourceTree = "<group>"; };
/* End PBXFileReference section */

/* Begin PBXFrameworksBuildPhase section */
		B719A185262F589E00337783 /* Frameworks */ = {
			isa = PBXFrameworksBuildPhase;
			buildActionMask = 2147483647;
			files = (
			);
			runOnlyForDeploymentPostprocessing = 0;
		};
/* End PBXFrameworksBuildPhase section */

/* Begin PBXGroup section */
		6BEA7EE12630AAF20005F18E /* Portfolio */ = {
			isa = PBXGroup;
			children = (
				6BEA7EE22630AAF20005F18E /* PortfolioDetails.swift */,
			);
			path = Portfolio;
			sourceTree = "<group>";
		};
		B719A17F262F589E00337783 = {
			isa = PBXGroup;
			children = (
				B719A18A262F589E00337783 /* GameStock */,
				B719A189262F589E00337783 /* Products */,
			);
			sourceTree = "<group>";
		};
		B719A189262F589E00337783 /* Products */ = {
			isa = PBXGroup;
			children = (
				B719A188262F589E00337783 /* GameStock.app */,
			);
			name = Products;
			sourceTree = "<group>";
		};
		B719A18A262F589E00337783 /* GameStock */ = {
			isa = PBXGroup;
			children = (
				B7E325C426363BD0008E683C /* Supporting Files */,
				B7E325B826309F8D008E683C /* Core DB */,
				B7E325B426309BC0008E683C /* API Data */,
				B719A1B5262F65A400337783 /* Data Model */,
				B719A1AA262F64EE00337783 /* Start Views */,
				B719A1A4262F63C200337783 /* Tab Bar Views */,
				B719A1A3262F58B600337783 /* Delegates */,
				B719A194262F58A500337783 /* Assets.xcassets */,
				B719A199262F58A500337783 /* LaunchScreen.storyboard */,
				B719A19C262F58A500337783 /* Info.plist */,
				B719A191262F589E00337783 /* GameStock.xcdatamodeld */,
				B719A196262F58A500337783 /* Preview Content */,
			);
			path = GameStock;
			sourceTree = "<group>";
		};
		B719A196262F58A500337783 /* Preview Content */ = {
			isa = PBXGroup;
			children = (
				B719A197262F58A500337783 /* Preview Assets.xcassets */,
			);
			path = "Preview Content";
			sourceTree = "<group>";
		};
		B719A1A3262F58B600337783 /* Delegates */ = {
			isa = PBXGroup;
			children = (
				B719A18B262F589E00337783 /* AppDelegate.swift */,
				B719A18D262F589E00337783 /* SceneDelegate.swift */,
			);
			path = Delegates;
			sourceTree = "<group>";
		};
		B719A1A4262F63C200337783 /* Tab Bar Views */ = {
			isa = PBXGroup;
			children = (
				B719A20F2636662400337783 /* News */,
				6BEA7EE12630AAF20005F18E /* Portfolio */,
				B719A1A8262F63EB00337783 /* Search */,
				B719A1A7262F63E200337783 /* Settings */,
				B719A1A5262F63D000337783 /* Home */,
			);
			path = "Tab Bar Views";
			sourceTree = "<group>";
		};
		B719A1A5262F63D000337783 /* Home */ = {
			isa = PBXGroup;
			children = (
				B719A1B9262F691B00337783 /* Home.swift */,
			);
			path = Home;
			sourceTree = "<group>";
		};
		B719A1A7262F63E200337783 /* Settings */ = {
			isa = PBXGroup;
			children = (
				B719A1BC262F69F000337783 /* Settings.swift */,
				B719A1BF262F6A0800337783 /* QuestionList.swift */,
			);
			path = Settings;
			sourceTree = "<group>";
		};
		B719A1A8262F63EB00337783 /* Search */ = {
			isa = PBXGroup;
			children = (
				B719A1C7263641C300337783 /* StockItem.swift */,
				B719A1CE2636495700337783 /* SearchCompany.swift */,
				B719A1D4263649FC00337783 /* SearchResult.swift */,
				6B304A4726364D8400F52419 /* StockDetails.swift */,
			);
			path = Search;
			sourceTree = "<group>";
		};
		B719A1AA262F64EE00337783 /* Start Views */ = {
			isa = PBXGroup;
			children = (
				B719A18F262F589E00337783 /* ContentView.swift */,
				B719A1AB262F651100337783 /* LoginView.swift */,
				B719A1AE262F652200337783 /* MainView.swift */,
				B719A1B1262F653900337783 /* ForgotPassword.swift */,
			);
			path = "Start Views";
			sourceTree = "<group>";
		};
		B719A1B5262F65A400337783 /* Data Model */ = {
			isa = PBXGroup;
			children = (
				6BEA7EE52630AB690005F18E /* MapDataStruct.swift */,
				B719A1B6262F65D700337783 /* UserData.swift */,
				B719A1CA2636430300337783 /* StockStruct.swift */,
				B719A20C2636649E00337783 /* NewsStruct.swift */,
			);
			path = "Data Model";
			sourceTree = "<group>";
		};
		B719A20F2636662400337783 /* News */ = {
			isa = PBXGroup;
			children = (
			);
			path = News;
			sourceTree = "<group>";
		};
		B7E325B426309BC0008E683C /* API Data */ = {
			isa = PBXGroup;
			children = (
				6BEA7EDA2630AAAA0005F18E /* MapAPIData.swift */,
				B7E325B526309BD0008E683C /* IEXApi.swift */,
				B719A2092636616200337783 /* NewsApiData.swift */,
			);
			path = "API Data";
			sourceTree = "<group>";
		};
		B7E325B826309F8D008E683C /* Core DB */ = {
			isa = PBXGroup;
			children = (
				B7E325B926309F97008E683C /* Stock.swift */,
				B7E325BD2630A00D008E683C /* Company.swift */,
				B7E325C02630A049008E683C /* Photo.swift */,
			);
			path = "Core DB";
			sourceTree = "<group>";
		};
		B7E325C426363BD0008E683C /* Supporting Files */ = {
			isa = PBXGroup;
			children = (
				B7E325C526363BDD008E683C /* UtilityFunctions.swift */,
				B719A1D12636499400337783 /* NavigationStyle.swift */,
				6B304A4A263655DB00F52419 /* MapView.swift */,
			);
			path = "Supporting Files";
			sourceTree = "<group>";
		};
/* End PBXGroup section */

/* Begin PBXNativeTarget section */
		B719A187262F589E00337783 /* GameStock */ = {
			isa = PBXNativeTarget;
			buildConfigurationList = B719A19F262F58A500337783 /* Build configuration list for PBXNativeTarget "GameStock" */;
			buildPhases = (
				B719A184262F589E00337783 /* Sources */,
				B719A185262F589E00337783 /* Frameworks */,
				B719A186262F589E00337783 /* Resources */,
			);
			buildRules = (
			);
			dependencies = (
			);
			name = GameStock;
			productName = GameStock;
			productReference = B719A188262F589E00337783 /* GameStock.app */;
			productType = "com.apple.product-type.application";
		};
/* End PBXNativeTarget section */

/* Begin PBXProject section */
		B719A180262F589E00337783 /* Project object */ = {
			isa = PBXProject;
			attributes = {
				LastSwiftUpdateCheck = 1240;
				LastUpgradeCheck = 1240;
				ORGANIZATIONNAME = GameStock;
				TargetAttributes = {
					B719A187262F589E00337783 = {
						CreatedOnToolsVersion = 12.4;
					};
				};
			};
			buildConfigurationList = B719A183262F589E00337783 /* Build configuration list for PBXProject "GameStock" */;
			compatibilityVersion = "Xcode 9.3";
			developmentRegion = en;
			hasScannedForEncodings = 0;
			knownRegions = (
				en,
				Base,
			);
			mainGroup = B719A17F262F589E00337783;
			productRefGroup = B719A189262F589E00337783 /* Products */;
			projectDirPath = "";
			projectRoot = "";
			targets = (
				B719A187262F589E00337783 /* GameStock */,
			);
		};
/* End PBXProject section */

/* Begin PBXResourcesBuildPhase section */
		B719A186262F589E00337783 /* Resources */ = {
			isa = PBXResourcesBuildPhase;
			buildActionMask = 2147483647;
			files = (
				B719A19B262F58A500337783 /* LaunchScreen.storyboard in Resources */,
				B719A198262F58A500337783 /* Preview Assets.xcassets in Resources */,
				B719A195262F58A500337783 /* Assets.xcassets in Resources */,
			);
			runOnlyForDeploymentPostprocessing = 0;
		};
/* End PBXResourcesBuildPhase section */

/* Begin PBXSourcesBuildPhase section */
		B719A184262F589E00337783 /* Sources */ = {
			isa = PBXSourcesBuildPhase;
			buildActionMask = 2147483647;
			files = (
				B719A193262F589E00337783 /* GameStock.xcdatamodeld in Sources */,
				B719A20A2636616200337783 /* NewsApiData.swift in Sources */,
				B719A1AF262F652200337783 /* MainView.swift in Sources */,
				B719A1B7262F65D800337783 /* UserData.swift in Sources */,
				B719A18C262F589E00337783 /* AppDelegate.swift in Sources */,
				B7E325BA26309F97008E683C /* Stock.swift in Sources */,
				6BEA7EE62630AB690005F18E /* MapDataStruct.swift in Sources */,
				B719A1BD262F69F000337783 /* Settings.swift in Sources */,
				B719A1BA262F691B00337783 /* Home.swift in Sources */,
				B719A20D2636649E00337783 /* NewsStruct.swift in Sources */,
				B719A18E262F589E00337783 /* SceneDelegate.swift in Sources */,
				B719A1B2262F653900337783 /* ForgotPassword.swift in Sources */,
				B719A1D5263649FC00337783 /* SearchResult.swift in Sources */,
				B7E325C626363BDD008E683C /* UtilityFunctions.swift in Sources */,
				B7E325C12630A049008E683C /* Photo.swift in Sources */,
				B719A1C0262F6A0800337783 /* QuestionList.swift in Sources */,
				B719A1CF2636495700337783 /* SearchCompany.swift in Sources */,
				B719A1C8263641C300337783 /* StockItem.swift in Sources */,
				B719A1AC262F651100337783 /* LoginView.swift in Sources */,
				6B304A4B263655DB00F52419 /* MapView.swift in Sources */,
				6BEA7EE32630AAF20005F18E /* PortfolioDetails.swift in Sources */,
				6B304A4826364D8400F52419 /* StockDetails.swift in Sources */,
				B7E325BE2630A00D008E683C /* Company.swift in Sources */,
				6BEA7EDB2630AAAA0005F18E /* MapAPIData.swift in Sources */,
				B719A190262F589E00337783 /* ContentView.swift in Sources */,
				B719A1CB2636430300337783 /* StockStruct.swift in Sources */,
				B719A1D22636499400337783 /* NavigationStyle.swift in Sources */,
				B7E325B626309BD0008E683C /* IEXApi.swift in Sources */,
			);
			runOnlyForDeploymentPostprocessing = 0;
		};
/* End PBXSourcesBuildPhase section */

/* Begin PBXVariantGroup section */
		B719A199262F58A500337783 /* LaunchScreen.storyboard */ = {
			isa = PBXVariantGroup;
			children = (
				B719A19A262F58A500337783 /* Base */,
			);
			name = LaunchScreen.storyboard;
			sourceTree = "<group>";
		};
/* End PBXVariantGroup section */

/* Begin XCBuildConfiguration section */
		B719A19D262F58A500337783 /* Debug */ = {
			isa = XCBuildConfiguration;
			buildSettings = {
				ALWAYS_SEARCH_USER_PATHS = NO;
				CLANG_ANALYZER_NONNULL = YES;
				CLANG_ANALYZER_NUMBER_OBJECT_CONVERSION = YES_AGGRESSIVE;
				CLANG_CXX_LANGUAGE_STANDARD = "gnu++14";
				CLANG_CXX_LIBRARY = "libc++";
				CLANG_ENABLE_MODULES = YES;
				CLANG_ENABLE_OBJC_ARC = YES;
				CLANG_ENABLE_OBJC_WEAK = YES;
				CLANG_WARN_BLOCK_CAPTURE_AUTORELEASING = YES;
				CLANG_WARN_BOOL_CONVERSION = YES;
				CLANG_WARN_COMMA = YES;
				CLANG_WARN_CONSTANT_CONVERSION = YES;
				CLANG_WARN_DEPRECATED_OBJC_IMPLEMENTATIONS = YES;
				CLANG_WARN_DIRECT_OBJC_ISA_USAGE = YES_ERROR;
				CLANG_WARN_DOCUMENTATION_COMMENTS = YES;
				CLANG_WARN_EMPTY_BODY = YES;
				CLANG_WARN_ENUM_CONVERSION = YES;
				CLANG_WARN_INFINITE_RECURSION = YES;
				CLANG_WARN_INT_CONVERSION = YES;
				CLANG_WARN_NON_LITERAL_NULL_CONVERSION = YES;
				CLANG_WARN_OBJC_IMPLICIT_RETAIN_SELF = YES;
				CLANG_WARN_OBJC_LITERAL_CONVERSION = YES;
				CLANG_WARN_OBJC_ROOT_CLASS = YES_ERROR;
				CLANG_WARN_QUOTED_INCLUDE_IN_FRAMEWORK_HEADER = YES;
				CLANG_WARN_RANGE_LOOP_ANALYSIS = YES;
				CLANG_WARN_STRICT_PROTOTYPES = YES;
				CLANG_WARN_SUSPICIOUS_MOVE = YES;
				CLANG_WARN_UNGUARDED_AVAILABILITY = YES_AGGRESSIVE;
				CLANG_WARN_UNREACHABLE_CODE = YES;
				CLANG_WARN__DUPLICATE_METHOD_MATCH = YES;
				COPY_PHASE_STRIP = NO;
				DEBUG_INFORMATION_FORMAT = dwarf;
				ENABLE_STRICT_OBJC_MSGSEND = YES;
				ENABLE_TESTABILITY = YES;
				GCC_C_LANGUAGE_STANDARD = gnu11;
				GCC_DYNAMIC_NO_PIC = NO;
				GCC_NO_COMMON_BLOCKS = YES;
				GCC_OPTIMIZATION_LEVEL = 0;
				GCC_PREPROCESSOR_DEFINITIONS = (
					"DEBUG=1",
					"$(inherited)",
				);
				GCC_WARN_64_TO_32_BIT_CONVERSION = YES;
				GCC_WARN_ABOUT_RETURN_TYPE = YES_ERROR;
				GCC_WARN_UNDECLARED_SELECTOR = YES;
				GCC_WARN_UNINITIALIZED_AUTOS = YES_AGGRESSIVE;
				GCC_WARN_UNUSED_FUNCTION = YES;
				GCC_WARN_UNUSED_VARIABLE = YES;
				IPHONEOS_DEPLOYMENT_TARGET = 14.4;
				MTL_ENABLE_DEBUG_INFO = INCLUDE_SOURCE;
				MTL_FAST_MATH = YES;
				ONLY_ACTIVE_ARCH = YES;
				SDKROOT = iphoneos;
				SWIFT_ACTIVE_COMPILATION_CONDITIONS = DEBUG;
				SWIFT_OPTIMIZATION_LEVEL = "-Onone";
			};
			name = Debug;
		};
		B719A19E262F58A500337783 /* Release */ = {
			isa = XCBuildConfiguration;
			buildSettings = {
				ALWAYS_SEARCH_USER_PATHS = NO;
				CLANG_ANALYZER_NONNULL = YES;
				CLANG_ANALYZER_NUMBER_OBJECT_CONVERSION = YES_AGGRESSIVE;
				CLANG_CXX_LANGUAGE_STANDARD = "gnu++14";
				CLANG_CXX_LIBRARY = "libc++";
				CLANG_ENABLE_MODULES = YES;
				CLANG_ENABLE_OBJC_ARC = YES;
				CLANG_ENABLE_OBJC_WEAK = YES;
				CLANG_WARN_BLOCK_CAPTURE_AUTORELEASING = YES;
				CLANG_WARN_BOOL_CONVERSION = YES;
				CLANG_WARN_COMMA = YES;
				CLANG_WARN_CONSTANT_CONVERSION = YES;
				CLANG_WARN_DEPRECATED_OBJC_IMPLEMENTATIONS = YES;
				CLANG_WARN_DIRECT_OBJC_ISA_USAGE = YES_ERROR;
				CLANG_WARN_DOCUMENTATION_COMMENTS = YES;
				CLANG_WARN_EMPTY_BODY = YES;
				CLANG_WARN_ENUM_CONVERSION = YES;
				CLANG_WARN_INFINITE_RECURSION = YES;
				CLANG_WARN_INT_CONVERSION = YES;
				CLANG_WARN_NON_LITERAL_NULL_CONVERSION = YES;
				CLANG_WARN_OBJC_IMPLICIT_RETAIN_SELF = YES;
				CLANG_WARN_OBJC_LITERAL_CONVERSION = YES;
				CLANG_WARN_OBJC_ROOT_CLASS = YES_ERROR;
				CLANG_WARN_QUOTED_INCLUDE_IN_FRAMEWORK_HEADER = YES;
				CLANG_WARN_RANGE_LOOP_ANALYSIS = YES;
				CLANG_WARN_STRICT_PROTOTYPES = YES;
				CLANG_WARN_SUSPICIOUS_MOVE = YES;
				CLANG_WARN_UNGUARDED_AVAILABILITY = YES_AGGRESSIVE;
				CLANG_WARN_UNREACHABLE_CODE = YES;
				CLANG_WARN__DUPLICATE_METHOD_MATCH = YES;
				COPY_PHASE_STRIP = NO;
				DEBUG_INFORMATION_FORMAT = "dwarf-with-dsym";
				ENABLE_NS_ASSERTIONS = NO;
				ENABLE_STRICT_OBJC_MSGSEND = YES;
				GCC_C_LANGUAGE_STANDARD = gnu11;
				GCC_NO_COMMON_BLOCKS = YES;
				GCC_WARN_64_TO_32_BIT_CONVERSION = YES;
				GCC_WARN_ABOUT_RETURN_TYPE = YES_ERROR;
				GCC_WARN_UNDECLARED_SELECTOR = YES;
				GCC_WARN_UNINITIALIZED_AUTOS = YES_AGGRESSIVE;
				GCC_WARN_UNUSED_FUNCTION = YES;
				GCC_WARN_UNUSED_VARIABLE = YES;
				IPHONEOS_DEPLOYMENT_TARGET = 14.4;
				MTL_ENABLE_DEBUG_INFO = NO;
				MTL_FAST_MATH = YES;
				SDKROOT = iphoneos;
				SWIFT_COMPILATION_MODE = wholemodule;
				SWIFT_OPTIMIZATION_LEVEL = "-O";
				VALIDATE_PRODUCT = YES;
			};
			name = Release;
		};
		B719A1A0262F58A500337783 /* Debug */ = {
			isa = XCBuildConfiguration;
			buildSettings = {
				ASSETCATALOG_COMPILER_APPICON_NAME = AppIcon;
				ASSETCATALOG_COMPILER_GLOBAL_ACCENT_COLOR_NAME = AccentColor;
				CODE_SIGN_STYLE = Automatic;
				DEVELOPMENT_ASSET_PATHS = "\"GameStock/Preview Content\"";
				DEVELOPMENT_TEAM = 86F6GNXV5Z;
				ENABLE_PREVIEWS = YES;
				INFOPLIST_FILE = GameStock/Info.plist;
				IPHONEOS_DEPLOYMENT_TARGET = 14.3;
				LD_RUNPATH_SEARCH_PATHS = (
					"$(inherited)",
					"@executable_path/Frameworks",
				);
				PRODUCT_BUNDLE_IDENTIFIER = com.CampbellDalen.GameStock;
				PRODUCT_NAME = "$(TARGET_NAME)";
				SWIFT_VERSION = 5.0;
				TARGETED_DEVICE_FAMILY = "1,2";
			};
			name = Debug;
		};
		B719A1A1262F58A500337783 /* Release */ = {
			isa = XCBuildConfiguration;
			buildSettings = {
				ASSETCATALOG_COMPILER_APPICON_NAME = AppIcon;
				ASSETCATALOG_COMPILER_GLOBAL_ACCENT_COLOR_NAME = AccentColor;
				CODE_SIGN_STYLE = Automatic;
				DEVELOPMENT_ASSET_PATHS = "\"GameStock/Preview Content\"";
				DEVELOPMENT_TEAM = 86F6GNXV5Z;
				ENABLE_PREVIEWS = YES;
				INFOPLIST_FILE = GameStock/Info.plist;
				IPHONEOS_DEPLOYMENT_TARGET = 14.3;
				LD_RUNPATH_SEARCH_PATHS = (
					"$(inherited)",
					"@executable_path/Frameworks",
				);
				PRODUCT_BUNDLE_IDENTIFIER = com.CampbellDalen.GameStock;
				PRODUCT_NAME = "$(TARGET_NAME)";
				SWIFT_VERSION = 5.0;
				TARGETED_DEVICE_FAMILY = "1,2";
			};
			name = Release;
		};
/* End XCBuildConfiguration section */

/* Begin XCConfigurationList section */
		B719A183262F589E00337783 /* Build configuration list for PBXProject "GameStock" */ = {
			isa = XCConfigurationList;
			buildConfigurations = (
				B719A19D262F58A500337783 /* Debug */,
				B719A19E262F58A500337783 /* Release */,
			);
			defaultConfigurationIsVisible = 0;
			defaultConfigurationName = Release;
		};
		B719A19F262F58A500337783 /* Build configuration list for PBXNativeTarget "GameStock" */ = {
			isa = XCConfigurationList;
			buildConfigurations = (
				B719A1A0262F58A500337783 /* Debug */,
				B719A1A1262F58A500337783 /* Release */,
			);
			defaultConfigurationIsVisible = 0;
			defaultConfigurationName = Release;
		};
/* End XCConfigurationList section */

/* Begin XCVersionGroup section */
		B719A191262F589E00337783 /* GameStock.xcdatamodeld */ = {
			isa = XCVersionGroup;
			children = (
				B719A192262F589E00337783 /* GameStock.xcdatamodel */,
			);
			currentVersion = B719A192262F589E00337783 /* GameStock.xcdatamodel */;
			path = GameStock.xcdatamodeld;
			sourceTree = "<group>";
			versionGroupType = wrapper.xcdatamodel;
		};
/* End XCVersionGroup section */
	};
	rootObject = B719A180262F589E00337783 /* Project object */;
}
